
Microsoft Visual Studio Solution File, Format Version 12.00
# Visual Studio 15
VisualStudioVersion = 15.0.28307.572
MinimumVisualStudioVersion = 10.0.40219.1
Project("{FAE04EC0-301F-11D3-BF4B-00C04F79EFBC}") = "CodeSnippetSample", "CodeSnippetSample\CodeSnippetSample.csproj", "{0760B6CD-34DD-459F-8CC9-E77FD794AC3B}"
EndProject
Project("{FAE04EC0-301F-11D3-BF4B-00C04F79EFBC}") = "ServiceLayer", "ServiceLayer\ServiceLayer.csproj", "{03A15412-EF92-434A-A0F3-5B8A72CD6885}"
EndProject
Project("{FAE04EC0-301F-11D3-BF4B-00C04F79EFBC}") = "DALLayer", "DALLayer\DALLayer.csproj", "{A1B85209-00AA-4844-B1A5-8DD62382FC21}"
EndProject
Project("{FAE04EC0-301F-11D3-BF4B-00C04F79EFBC}") = "CodeSnippetSample.Test", "CodeSnippetSample.Test\CodeSnippetSample.Test.csproj", "{85CDA573-398E-4D02-83C0-7985C0B0B9A3}"
EndProject
Global
	GlobalSection(SolutionConfigurationPlatforms) = preSolution
		Debug|Any CPU = Debug|Any CPU
		Release|Any CPU = Release|Any CPU
	EndGlobalSection
	GlobalSection(ProjectConfigurationPlatforms) = postSolution
		{0760B6CD-34DD-459F-8CC9-E77FD794AC3B}.Debug|Any CPU.ActiveCfg = Debug|Any CPU
		{0760B6CD-34DD-459F-8CC9-E77FD794AC3B}.Debug|Any CPU.Build.0 = Debug|Any CPU
		{0760B6CD-34DD-459F-8CC9-E77FD794AC3B}.Release|Any CPU.ActiveCfg = Release|Any CPU
		{0760B6CD-34DD-459F-8CC9-E77FD794AC3B}.Release|Any CPU.Build.0 = Release|Any CPU
		{03A15412-EF92-434A-A0F3-5B8A72CD6885}.Debug|Any CPU.ActiveCfg = Debug|Any CPU
		{03A15412-EF92-434A-A0F3-5B8A72CD6885}.Debug|Any CPU.Build.0 = Debug|Any CPU
		{03A15412-EF92-434A-A0F3-5B8A72CD6885}.Release|Any CPU.ActiveCfg = Release|Any CPU
		{03A15412-EF92-434A-A0F3-5B8A72CD6885}.Release|Any CPU.Build.0 = Release|Any CPU
		{A1B85209-00AA-4844-B1A5-8DD62382FC21}.Debug|Any CPU.ActiveCfg = Debug|Any CPU
		{A1B85209-00AA-4844-B1A5-8DD62382FC21}.Debug|Any CPU.Build.0 = Debug|Any CPU
		{A1B85209-00AA-4844-B1A5-8DD62382FC21}.Release|Any CPU.ActiveCfg = Release|Any CPU
		{A1B85209-00AA-4844-B1A5-8DD62382FC21}.Release|Any CPU.Build.0 = Release|Any CPU
		{85CDA573-398E-4D02-83C0-7985C0B0B9A3}.Debug|Any CPU.ActiveCfg = Debug|Any CPU
		{85CDA573-398E-4D02-83C0-7985C0B0B9A3}.Debug|Any CPU.Build.0 = Debug|Any CPU
		{85CDA573-398E-4D02-83C0-7985C0B0B9A3}.Release|Any CPU.ActiveCfg = Release|Any CPU
		{85CDA573-398E-4D02-83C0-7985C0B0B9A3}.Release|Any CPU.Build.0 = Release|Any CPU
	EndGlobalSection
	GlobalSection(SolutionProperties) = preSolution
		HideSolutionNode = FALSE
	EndGlobalSection
	GlobalSection(ExtensibilityGlobals) = postSolution
		SolutionGuid = {5830E5C2-3547-4F84-ACDC-76E47FB65A79}
	EndGlobalSection
EndGlobal
